
Microsoft Visual Studio Solution File, Format Version 12.00
# Visual Studio 15
VisualStudioVersion = 15.0.28307.1169
MinimumVisualStudioVersion = 10.0.40219.1
Project("{FAE04EC0-301F-11D3-BF4B-00C04F79EFBC}") = "ExcelTool", "ExcelTool\ExcelTool.csproj", "{60E9C71E-CAEA-402E-B00E-9F3F8D537F7F}"
EndProject
Global
	GlobalSection(SolutionConfigurationPlatforms) = preSolution
		Debug|Any CPU = Debug|Any CPU
		Release|Any CPU = Release|Any CPU
	EndGlobalSection
	GlobalSection(ProjectConfigurationPlatforms) = postSolution
		{60E9C71E-CAEA-402E-B00E-9F3F8D537F7F}.Debug|Any CPU.ActiveCfg = Debug|Any CPU
		{60E9C71E-CAEA-402E-B00E-9F3F8D537F7F}.Debug|Any CPU.Build.0 = Debug|Any CPU
		{60E9C71E-CAEA-402E-B00E-9F3F8D537F7F}.Release|Any CPU.ActiveCfg = Release|Any CPU
		{60E9C71E-CAEA-402E-B00E-9F3F8D537F7F}.Release|Any CPU.Build.0 = Release|Any CPU
	EndGlobalSection
	GlobalSection(SolutionProperties) = preSolution
		HideSolutionNode = FALSE
	EndGlobalSection
	GlobalSection(ExtensibilityGlobals) = postSolution
		SolutionGuid = {753CA035-3D1E-49A1-BE7F-ADC7B7292D54}
	EndGlobalSection
EndGlobal
